
Microsoft Visual Studio Solution File, Format Version 12.00
# Visual Studio 15
Project("{FAE04EC0-301F-11D3-BF4B-00C04F79EFBC}") = "UnityEngine.TestRunner", "UnityEngine.TestRunner.csproj", "{DC11BA3D-EB0E-A45C-F22E-39A7BFF36465}"
EndProject
Project("{FAE04EC0-301F-11D3-BF4B-00C04F79EFBC}") = "Assembly-CSharp", "Assembly-CSharp.csproj", "{654BAAD1-92FA-ADC7-9A68-47BE55BA0BBB}"
EndProject
Project("{FAE04EC0-301F-11D3-BF4B-00C04F79EFBC}") = "Unity.TextMeshPro", "Unity.TextMeshPro.csproj", "{A4468A9C-C444-2E9C-9C56-EB207551B7F3}"
EndProject
Project("{FAE04EC0-301F-11D3-BF4B-00C04F79EFBC}") = "Unity.Timeline", "Unity.Timeline.csproj", "{3F972B91-C91D-E755-ACC7-C6C554FB9AF7}"
EndProject
Project("{FAE04EC0-301F-11D3-BF4B-00C04F79EFBC}") = "UnityEngine.Advertisements", "UnityEngine.Advertisements.csproj", "{F5D217C9-7EC6-BFEA-DCA8-C495D6A65B4A}"
EndProject
Project("{FAE04EC0-301F-11D3-BF4B-00C04F79EFBC}") = "Unity.Analytics.DataPrivacy", "Unity.Analytics.DataPrivacy.csproj", "{1D6D6299-8CF9-C38C-DBF3-D97CB64D767F}"
EndProject
Project("{FAE04EC0-301F-11D3-BF4B-00C04F79EFBC}") = "UnityEngine.Monetization", "UnityEngine.Monetization.csproj", "{36992744-1676-B06E-DD6A-43D7429E5108}"
EndProject
Project("{FAE04EC0-301F-11D3-BF4B-00C04F79EFBC}") = "Unity.TextMeshPro.Editor", "Unity.TextMeshPro.Editor.csproj", "{BC86902E-9442-A8BF-2CCB-136C81195735}"
EndProject
Project("{FAE04EC0-301F-11D3-BF4B-00C04F79EFBC}") = "Unity.Timeline.Editor", "Unity.Timeline.Editor.csproj", "{CFBF9F93-F3A5-E505-E9B3-CAA7122BD879}"
EndProject
Project("{FAE04EC0-301F-11D3-BF4B-00C04F79EFBC}") = "UnityEditor.TestRunner", "UnityEditor.TestRunner.csproj", "{50B2FB06-AECF-7EBB-2D88-4B31D71C9EFB}"
EndProject
Project("{FAE04EC0-301F-11D3-BF4B-00C04F79EFBC}") = "Assembly-CSharp-Editor", "Assembly-CSharp-Editor.csproj", "{75E1EE14-0D78-A1C4-5E1E-375B048D8A22}"
EndProject
Project("{FAE04EC0-301F-11D3-BF4B-00C04F79EFBC}") = "Unity.Rider.Editor", "Unity.Rider.Editor.csproj", "{AEF1B98D-7349-649B-F1F3-042FDD61652F}"
EndProject
Project("{FAE04EC0-301F-11D3-BF4B-00C04F79EFBC}") = "Unity.CollabProxy.Editor", "Unity.CollabProxy.Editor.csproj", "{5844A2B4-A8F3-601C-2B57-C2C079C1714B}"
EndProject
Project("{FAE04EC0-301F-11D3-BF4B-00C04F79EFBC}") = "Unity.VSCode.Editor", "Unity.VSCode.Editor.csproj", "{C54B88CA-1900-FBFE-42AA-D1A4123ADFA2}"
EndProject
Global
	GlobalSection(SolutionConfigurationPlatforms) = preSolution
		Debug|Any CPU = Debug|Any CPU
		Release|Any CPU = Release|Any CPU
	EndGlobalSection
	GlobalSection(ProjectConfigurationPlatforms) = postSolution
		{DC11BA3D-EB0E-A45C-F22E-39A7BFF36465}.Debug|Any CPU.ActiveCfg = Debug|Any CPU
		{DC11BA3D-EB0E-A45C-F22E-39A7BFF36465}.Debug|Any CPU.Build.0 = Debug|Any CPU
		{DC11BA3D-EB0E-A45C-F22E-39A7BFF36465}.Release|Any CPU.ActiveCfg = Release|Any CPU
		{DC11BA3D-EB0E-A45C-F22E-39A7BFF36465}.Release|Any CPU.Build.0 = Release|Any CPU
		{654BAAD1-92FA-ADC7-9A68-47BE55BA0BBB}.Debug|Any CPU.ActiveCfg = Debug|Any CPU
		{654BAAD1-92FA-ADC7-9A68-47BE55BA0BBB}.Debug|Any CPU.Build.0 = Debug|Any CPU
		{654BAAD1-92FA-ADC7-9A68-47BE55BA0BBB}.Release|Any CPU.ActiveCfg = Release|Any CPU
		{654BAAD1-92FA-ADC7-9A68-47BE55BA0BBB}.Release|Any CPU.Build.0 = Release|Any CPU
		{A4468A9C-C444-2E9C-9C56-EB207551B7F3}.Debug|Any CPU.ActiveCfg = Debug|Any CPU
		{A4468A9C-C444-2E9C-9C56-EB207551B7F3}.Debug|Any CPU.Build.0 = Debug|Any CPU
		{A4468A9C-C444-2E9C-9C56-EB207551B7F3}.Release|Any CPU.ActiveCfg = Release|Any CPU
		{A4468A9C-C444-2E9C-9C56-EB207551B7F3}.Release|Any CPU.Build.0 = Release|Any CPU
		{3F972B91-C91D-E755-ACC7-C6C554FB9AF7}.Debug|Any CPU.ActiveCfg = Debug|Any CPU
		{3F972B91-C91D-E755-ACC7-C6C554FB9AF7}.Debug|Any CPU.Build.0 = Debug|Any CPU
		{3F972B91-C91D-E755-ACC7-C6C554FB9AF7}.Release|Any CPU.ActiveCfg = Release|Any CPU
		{3F972B91-C91D-E755-ACC7-C6C554FB9AF7}.Release|Any CPU.Build.0 = Release|Any CPU
		{F5D217C9-7EC6-BFEA-DCA8-C495D6A65B4A}.Debug|Any CPU.ActiveCfg = Debug|Any CPU
		{F5D217C9-7EC6-BFEA-DCA8-C495D6A65B4A}.Debug|Any CPU.Build.0 = Debug|Any CPU
		{F5D217C9-7EC6-BFEA-DCA8-C495D6A65B4A}.Release|Any CPU.ActiveCfg = Release|Any CPU
		{F5D217C9-7EC6-BFEA-DCA8-C495D6A65B4A}.Release|Any CPU.Build.0 = Release|Any CPU
		{1D6D6299-8CF9-C38C-DBF3-D97CB64D767F}.Debug|Any CPU.ActiveCfg = Debug|Any CPU
		{1D6D6299-8CF9-C38C-DBF3-D97CB64D767F}.Debug|Any CPU.Build.0 = Debug|Any CPU
		{1D6D6299-8CF9-C38C-DBF3-D97CB64D767F}.Release|Any CPU.ActiveCfg = Release|Any CPU
		{1D6D6299-8CF9-C38C-DBF3-D97CB64D767F}.Release|Any CPU.Build.0 = Release|Any CPU
		{36992744-1676-B06E-DD6A-43D7429E5108}.Debug|Any CPU.ActiveCfg = Debug|Any CPU
		{36992744-1676-B06E-DD6A-43D7429E5108}.Debug|Any CPU.Build.0 = Debug|Any CPU
		{36992744-1676-B06E-DD6A-43D7429E5108}.Release|Any CPU.ActiveCfg = Release|Any CPU
		{36992744-1676-B06E-DD6A-43D7429E5108}.Release|Any CPU.Build.0 = Release|Any CPU
		{BC86902E-9442-A8BF-2CCB-136C81195735}.Debug|Any CPU.ActiveCfg = Debug|Any CPU
		{BC86902E-9442-A8BF-2CCB-136C81195735}.Debug|Any CPU.Build.0 = Debug|Any CPU
		{BC86902E-9442-A8BF-2CCB-136C81195735}.Release|Any CPU.ActiveCfg = Release|Any CPU
		{BC86902E-9442-A8BF-2CCB-136C81195735}.Release|Any CPU.Build.0 = Release|Any CPU
		{CFBF9F93-F3A5-E505-E9B3-CAA7122BD879}.Debug|Any CPU.ActiveCfg = Debug|Any CPU
		{CFBF9F93-F3A5-E505-E9B3-CAA7122BD879}.Debug|Any CPU.Build.0 = Debug|Any CPU
		{CFBF9F93-F3A5-E505-E9B3-CAA7122BD879}.Release|Any CPU.ActiveCfg = Release|Any CPU
		{CFBF9F93-F3A5-E505-E9B3-CAA7122BD879}.Release|Any CPU.Build.0 = Release|Any CPU
		{50B2FB06-AECF-7EBB-2D88-4B31D71C9EFB}.Debug|Any CPU.ActiveCfg = Debug|Any CPU
		{50B2FB06-AECF-7EBB-2D88-4B31D71C9EFB}.Debug|Any CPU.Build.0 = Debug|Any CPU
		{50B2FB06-AECF-7EBB-2D88-4B31D71C9EFB}.Release|Any CPU.ActiveCfg = Release|Any CPU
		{50B2FB06-AECF-7EBB-2D88-4B31D71C9EFB}.Release|Any CPU.Build.0 = Release|Any CPU
		{75E1EE14-0D78-A1C4-5E1E-375B048D8A22}.Debug|Any CPU.ActiveCfg = Debug|Any CPU
		{75E1EE14-0D78-A1C4-5E1E-375B048D8A22}.Debug|Any CPU.Build.0 = Debug|Any CPU
		{75E1EE14-0D78-A1C4-5E1E-375B048D8A22}.Release|Any CPU.ActiveCfg = Release|Any CPU
		{75E1EE14-0D78-A1C4-5E1E-375B048D8A22}.Release|Any CPU.Build.0 = Release|Any CPU
		{AEF1B98D-7349-649B-F1F3-042FDD61652F}.Debug|Any CPU.ActiveCfg = Debug|Any CPU
		{AEF1B98D-7349-649B-F1F3-042FDD61652F}.Debug|Any CPU.Build.0 = Debug|Any CPU
		{AEF1B98D-7349-649B-F1F3-042FDD61652F}.Release|Any CPU.ActiveCfg = Release|Any CPU
		{AEF1B98D-7349-649B-F1F3-042FDD61652F}.Release|Any CPU.Build.0 = Release|Any CPU
		{5844A2B4-A8F3-601C-2B57-C2C079C1714B}.Debug|Any CPU.ActiveCfg = Debug|Any CPU
		{5844A2B4-A8F3-601C-2B57-C2C079C1714B}.Debug|Any CPU.Build.0 = Debug|Any CPU
		{5844A2B4-A8F3-601C-2B57-C2C079C1714B}.Release|Any CPU.ActiveCfg = Release|Any CPU
		{5844A2B4-A8F3-601C-2B57-C2C079C1714B}.Release|Any CPU.Build.0 = Release|Any CPU
		{C54B88CA-1900-FBFE-42AA-D1A4123ADFA2}.Debug|Any CPU.ActiveCfg = Debug|Any CPU
		{C54B88CA-1900-FBFE-42AA-D1A4123ADFA2}.Debug|Any CPU.Build.0 = Debug|Any CPU
		{C54B88CA-1900-FBFE-42AA-D1A4123ADFA2}.Release|Any CPU.ActiveCfg = Release|Any CPU
		{C54B88CA-1900-FBFE-42AA-D1A4123ADFA2}.Release|Any CPU.Build.0 = Release|Any CPU
	EndGlobalSection
	GlobalSection(SolutionProperties) = preSolution
		HideSolutionNode = FALSE
	EndGlobalSection
EndGlobal
